
Microsoft Visual Studio Solution File, Format Version 12.00
# Visual Studio Version 16
VisualStudioVersion = 16.0.32228.343
MinimumVisualStudioVersion = 10.0.40219.1
Project("{FAE04EC0-301F-11D3-BF4B-00C04F79EFBC}") = "eTickets", "eTickets\eTickets.csproj", "{B9471245-1603-41F7-A3A0-668A14802C28}"
EndProject
Global
	GlobalSection(SolutionConfigurationPlatforms) = preSolution
		Debug|Any CPU = Debug|Any CPU
		Release|Any CPU = Release|Any CPU
	EndGlobalSection
	GlobalSection(ProjectConfigurationPlatforms) = postSolution
		{B9471245-1603-41F7-A3A0-668A14802C28}.Debug|Any CPU.ActiveCfg = Debug|Any CPU
		{B9471245-1603-41F7-A3A0-668A14802C28}.Debug|Any CPU.Build.0 = Debug|Any CPU
		{B9471245-1603-41F7-A3A0-668A14802C28}.Release|Any CPU.ActiveCfg = Release|Any CPU
		{B9471245-1603-41F7-A3A0-668A14802C28}.Release|Any CPU.Build.0 = Release|Any CPU
	EndGlobalSection
	GlobalSection(SolutionProperties) = preSolution
		HideSolutionNode = FALSE
	EndGlobalSection
	GlobalSection(ExtensibilityGlobals) = postSolution
		SolutionGuid = {10252B36-A2B7-4C2A-8DDA-B45F4A594118}
	EndGlobalSection
EndGlobal
